// !$*UTF8*$!
{
	archiveVersion = 1;
	classes = {
	};
	objectVersion = 56;
	objects = {

/* Begin PBXBuildFile section */
		368D20192BA5EAFB0009063D /* CameraVC.swift in Sources */ = {isa = PBXBuildFile; fileRef = 368D20172BA5EAFB0009063D /* CameraVC.swift */; };
		368D201A2BA5EAFB0009063D /* CameraVC.xib in Resources */ = {isa = PBXBuildFile; fileRef = 368D20182BA5EAFB0009063D /* CameraVC.xib */; };
		36DD941E2BA4C3E600D0938A /* AppDelegate.swift in Sources */ = {isa = PBXBuildFile; fileRef = 36DD941D2BA4C3E600D0938A /* AppDelegate.swift */; };
		36DD94202BA4C3E600D0938A /* SceneDelegate.swift in Sources */ = {isa = PBXBuildFile; fileRef = 36DD941F2BA4C3E600D0938A /* SceneDelegate.swift */; };
		36DD94222BA4C3E600D0938A /* ViewController.swift in Sources */ = {isa = PBXBuildFile; fileRef = 36DD94212BA4C3E600D0938A /* ViewController.swift */; };
		36DD94252BA4C3E600D0938A /* Main.storyboard in Resources */ = {isa = PBXBuildFile; fileRef = 36DD94232BA4C3E600D0938A /* Main.storyboard */; };
		36DD94272BA4C3E700D0938A /* Assets.xcassets in Resources */ = {isa = PBXBuildFile; fileRef = 36DD94262BA4C3E700D0938A /* Assets.xcassets */; };
		36DD942A2BA4C3E700D0938A /* LaunchScreen.storyboard in Resources */ = {isa = PBXBuildFile; fileRef = 36DD94282BA4C3E700D0938A /* LaunchScreen.storyboard */; };
		36DD94322BA4C3FD00D0938A /* GeminiManager.swift in Sources */ = {isa = PBXBuildFile; fileRef = 36DD94312BA4C3FD00D0938A /* GeminiManager.swift */; };
		36DD94352BA4C54600D0938A /* GoogleGenerativeAI in Frameworks */ = {isa = PBXBuildFile; productRef = 36DD94342BA4C54600D0938A /* GoogleGenerativeAI */; };
/* End PBXBuildFile section */

/* Begin PBXFileReference section */
		368D20172BA5EAFB0009063D /* CameraVC.swift */ = {isa = PBXFileReference; lastKnownFileType = sourcecode.swift; path = CameraVC.swift; sourceTree = "<group>"; };
		368D20182BA5EAFB0009063D /* CameraVC.xib */ = {isa = PBXFileReference; lastKnownFileType = file.xib; path = CameraVC.xib; sourceTree = "<group>"; };
		36DD941A2BA4C3E600D0938A /* EasyMath.app */ = {isa = PBXFileReference; explicitFileType = wrapper.application; includeInIndex = 0; path = EasyMath.app; sourceTree = BUILT_PRODUCTS_DIR; };
		36DD941D2BA4C3E600D0938A /* AppDelegate.swift */ = {isa = PBXFileReference; lastKnownFileType = sourcecode.swift; path = AppDelegate.swift; sourceTree = "<group>"; };
		36DD941F2BA4C3E600D0938A /* SceneDelegate.swift */ = {isa = PBXFileReference; lastKnownFileType = sourcecode.swift; path = SceneDelegate.swift; sourceTree = "<group>"; };
		36DD94212BA4C3E600D0938A /* ViewController.swift */ = {isa = PBXFileReference; lastKnownFileType = sourcecode.swift; path = ViewController.swift; sourceTree = "<group>"; };
		36DD94242BA4C3E600D0938A /* Base */ = {isa = PBXFileReference; lastKnownFileType = file.storyboard; name = Base; path = Base.lproj/Main.storyboard; sourceTree = "<group>"; };
		36DD94262BA4C3E700D0938A /* Assets.xcassets */ = {isa = PBXFileReference; lastKnownFileType = folder.assetcatalog; path = Assets.xcassets; sourceTree = "<group>"; };
		36DD94292BA4C3E700D0938A /* Base */ = {isa = PBXFileReference; lastKnownFileType = file.storyboard; name = Base; path = Base.lproj/LaunchScreen.storyboard; sourceTree = "<group>"; };
		36DD942B2BA4C3E700D0938A /* Info.plist */ = {isa = PBXFileReference; lastKnownFileType = text.plist.xml; path = Info.plist; sourceTree = "<group>"; };
		36DD94312BA4C3FD00D0938A /* GeminiManager.swift */ = {isa = PBXFileReference; lastKnownFileType = sourcecode.swift; path = GeminiManager.swift; sourceTree = "<group>"; };
/* End PBXFileReference section */

/* Begin PBXFrameworksBuildPhase section */
		36DD94172BA4C3E600D0938A /* Frameworks */ = {
			isa = PBXFrameworksBuildPhase;
			buildActionMask = 2147483647;
			files = (
				36DD94352BA4C54600D0938A /* GoogleGenerativeAI in Frameworks */,
			);
			runOnlyForDeploymentPostprocessing = 0;
		};
/* End PBXFrameworksBuildPhase section */

/* Begin PBXGroup section */
		36DD94112BA4C3E600D0938A = {
			isa = PBXGroup;
			children = (
				36DD941C2BA4C3E600D0938A /* EasyMath */,
				36DD941B2BA4C3E600D0938A /* Products */,
			);
			sourceTree = "<group>";
		};
		36DD941B2BA4C3E600D0938A /* Products */ = {
			isa = PBXGroup;
			children = (
				36DD941A2BA4C3E600D0938A /* EasyMath.app */,
			);
			name = Products;
			sourceTree = "<group>";
		};
		36DD941C2BA4C3E600D0938A /* EasyMath */ = {
			isa = PBXGroup;
			children = (
				36DD941D2BA4C3E600D0938A /* AppDelegate.swift */,
				36DD941F2BA4C3E600D0938A /* SceneDelegate.swift */,
				36DD94212BA4C3E600D0938A /* ViewController.swift */,
				36DD94312BA4C3FD00D0938A /* GeminiManager.swift */,
				368D20172BA5EAFB0009063D /* CameraVC.swift */,
				368D20182BA5EAFB0009063D /* CameraVC.xib */,
				36DD94232BA4C3E600D0938A /* Main.storyboard */,
				36DD94262BA4C3E700D0938A /* Assets.xcassets */,
				36DD94282BA4C3E700D0938A /* LaunchScreen.storyboard */,
				36DD942B2BA4C3E700D0938A /* Info.plist */,
			);
			path = EasyMath;
			sourceTree = "<group>";
		};
/* End PBXGroup section */

/* Begin PBXNativeTarget section */
		36DD94192BA4C3E600D0938A /* EasyMath */ = {
			isa = PBXNativeTarget;
			buildConfigurationList = 36DD942E2BA4C3E700D0938A /* Build configuration list for PBXNativeTarget "EasyMath" */;
			buildPhases = (
				36DD94162BA4C3E600D0938A /* Sources */,
				36DD94172BA4C3E600D0938A /* Frameworks */,
				36DD94182BA4C3E600D0938A /* Resources */,
			);
			buildRules = (
			);
			dependencies = (
			);
			name = EasyMath;
			packageProductDependencies = (
				36DD94342BA4C54600D0938A /* GoogleGenerativeAI */,
			);
			productName = EasyMath;
			productReference = 36DD941A2BA4C3E600D0938A /* EasyMath.app */;
			productType = "com.apple.product-type.application";
		};
/* End PBXNativeTarget section */

/* Begin PBXProject section */
		36DD94122BA4C3E600D0938A /* Project object */ = {
			isa = PBXProject;
			attributes = {
				BuildIndependentTargetsInParallel = 1;
				LastSwiftUpdateCheck = 1520;
				LastUpgradeCheck = 1520;
				TargetAttributes = {
					36DD94192BA4C3E600D0938A = {
						CreatedOnToolsVersion = 15.2;
					};
				};
			};
			buildConfigurationList = 36DD94152BA4C3E600D0938A /* Build configuration list for PBXProject "EasyMath" */;
			compatibilityVersion = "Xcode 14.0";
			developmentRegion = en;
			hasScannedForEncodings = 0;
			knownRegions = (
				en,
				Base,
			);
			mainGroup = 36DD94112BA4C3E600D0938A;
			packageReferences = (
				36DD94332BA4C54600D0938A /* XCRemoteSwiftPackageReference "generative-ai-swift" */,
			);
			productRefGroup = 36DD941B2BA4C3E600D0938A /* Products */;
			projectDirPath = "";
			projectRoot = "";
			targets = (
				36DD94192BA4C3E600D0938A /* EasyMath */,
			);
		};
/* End PBXProject section */

/* Begin PBXResourcesBuildPhase section */
		36DD94182BA4C3E600D0938A /* Resources */ = {
			isa = PBXResourcesBuildPhase;
			buildActionMask = 2147483647;
			files = (
				36DD942A2BA4C3E700D0938A /* LaunchScreen.storyboard in Resources */,
				36DD94272BA4C3E700D0938A /* Assets.xcassets in Resources */,
				36DD94252BA4C3E600D0938A /* Main.storyboard in Resources */,
				368D201A2BA5EAFB0009063D /* CameraVC.xib in Resources */,
			);
			runOnlyForDeploymentPostprocessing = 0;
		};
/* End PBXResourcesBuildPhase section */

/* Begin PBXSourcesBuildPhase section */
		36DD94162BA4C3E600D0938A /* Sources */ = {
			isa = PBXSourcesBuildPhase;
			buildActionMask = 2147483647;
			files = (
				36DD94222BA4C3E600D0938A /* ViewController.swift in Sources */,
				36DD941E2BA4C3E600D0938A /* AppDelegate.swift in Sources */,
				368D20192BA5EAFB0009063D /* CameraVC.swift in Sources */,
				36DD94322BA4C3FD00D0938A /* GeminiManager.swift in Sources */,
				36DD94202BA4C3E600D0938A /* SceneDelegate.swift in Sources */,
			);
			runOnlyForDeploymentPostprocessing = 0;
		};
/* End PBXSourcesBuildPhase section */

/* Begin PBXVariantGroup section */
		36DD94232BA4C3E600D0938A /* Main.storyboard */ = {
			isa = PBXVariantGroup;
			children = (
				36DD94242BA4C3E600D0938A /* Base */,
			);
			name = Main.storyboard;
			sourceTree = "<group>";
		};
		36DD94282BA4C3E700D0938A /* LaunchScreen.storyboard */ = {
			isa = PBXVariantGroup;
			children = (
				36DD94292BA4C3E700D0938A /* Base */,
			);
			name = LaunchScreen.storyboard;
			sourceTree = "<group>";
		};
/* End PBXVariantGroup section */

/* Begin XCBuildConfiguration section */
		36DD942C2BA4C3E700D0938A /* Debug */ = {
			isa = XCBuildConfiguration;
			buildSettings = {
				ALWAYS_SEARCH_USER_PATHS = NO;
				ASSETCATALOG_COMPILER_GENERATE_SWIFT_ASSET_SYMBOL_EXTENSIONS = YES;
				CLANG_ANALYZER_NONNULL = YES;
				CLANG_ANALYZER_NUMBER_OBJECT_CONVERSION = YES_AGGRESSIVE;
				CLANG_CXX_LANGUAGE_STANDARD = "gnu++20";
				CLANG_ENABLE_MODULES = YES;
				CLANG_ENABLE_OBJC_ARC = YES;
				CLANG_ENABLE_OBJC_WEAK = YES;
				CLANG_WARN_BLOCK_CAPTURE_AUTORELEASING = YES;
				CLANG_WARN_BOOL_CONVERSION = YES;
				CLANG_WARN_COMMA = YES;
				CLANG_WARN_CONSTANT_CONVERSION = YES;
				CLANG_WARN_DEPRECATED_OBJC_IMPLEMENTATIONS = YES;
				CLANG_WARN_DIRECT_OBJC_ISA_USAGE = YES_ERROR;
				CLANG_WARN_DOCUMENTATION_COMMENTS = YES;
				CLANG_WARN_EMPTY_BODY = YES;
				CLANG_WARN_ENUM_CONVERSION = YES;
				CLANG_WARN_INFINITE_RECURSION = YES;
				CLANG_WARN_INT_CONVERSION = YES;
				CLANG_WARN_NON_LITERAL_NULL_CONVERSION = YES;
				CLANG_WARN_OBJC_IMPLICIT_RETAIN_SELF = YES;
				CLANG_WARN_OBJC_LITERAL_CONVERSION = YES;
				CLANG_WARN_OBJC_ROOT_CLASS = YES_ERROR;
				CLANG_WARN_QUOTED_INCLUDE_IN_FRAMEWORK_HEADER = YES;
				CLANG_WARN_RANGE_LOOP_ANALYSIS = YES;
				CLANG_WARN_STRICT_PROTOTYPES = YES;
				CLANG_WARN_SUSPICIOUS_MOVE = YES;
				CLANG_WARN_UNGUARDED_AVAILABILITY = YES_AGGRESSIVE;
				CLANG_WARN_UNREACHABLE_CODE = YES;
				CLANG_WARN__DUPLICATE_METHOD_MATCH = YES;
				COPY_PHASE_STRIP = NO;
				DEBUG_INFORMATION_FORMAT = dwarf;
				ENABLE_STRICT_OBJC_MSGSEND = YES;
				ENABLE_TESTABILITY = YES;
				ENABLE_USER_SCRIPT_SANDBOXING = YES;
				GCC_C_LANGUAGE_STANDARD = gnu17;
				GCC_DYNAMIC_NO_PIC = NO;
				GCC_NO_COMMON_BLOCKS = YES;
				GCC_OPTIMIZATION_LEVEL = 0;
				GCC_PREPROCESSOR_DEFINITIONS = (
					"DEBUG=1",
					"$(inherited)",
				);
				GCC_WARN_64_TO_32_BIT_CONVERSION = YES;
				GCC_WARN_ABOUT_RETURN_TYPE = YES_ERROR;
				GCC_WARN_UNDECLARED_SELECTOR = YES;
				GCC_WARN_UNINITIALIZED_AUTOS = YES_AGGRESSIVE;
				GCC_WARN_UNUSED_FUNCTION = YES;
				GCC_WARN_UNUSED_VARIABLE = YES;
				IPHONEOS_DEPLOYMENT_TARGET = 17.2;
				LOCALIZATION_PREFERS_STRING_CATALOGS = YES;
				MTL_ENABLE_DEBUG_INFO = INCLUDE_SOURCE;
				MTL_FAST_MATH = YES;
				ONLY_ACTIVE_ARCH = YES;
				SDKROOT = iphoneos;
				SWIFT_ACTIVE_COMPILATION_CONDITIONS = "DEBUG $(inherited)";
				SWIFT_OPTIMIZATION_LEVEL = "-Onone";
			};
			name = Debug;
		};
		36DD942D2BA4C3E700D0938A /* Release */ = {
			isa = XCBuildConfiguration;
			buildSettings = {
				ALWAYS_SEARCH_USER_PATHS = NO;
				ASSETCATALOG_COMPILER_GENERATE_SWIFT_ASSET_SYMBOL_EXTENSIONS = YES;
				CLANG_ANALYZER_NONNULL = YES;
				CLANG_ANALYZER_NUMBER_OBJECT_CONVERSION = YES_AGGRESSIVE;
				CLANG_CXX_LANGUAGE_STANDARD = "gnu++20";
				CLANG_ENABLE_MODULES = YES;
				CLANG_ENABLE_OBJC_ARC = YES;
				CLANG_ENABLE_OBJC_WEAK = YES;
				CLANG_WARN_BLOCK_CAPTURE_AUTORELEASING = YES;
				CLANG_WARN_BOOL_CONVERSION = YES;
				CLANG_WARN_COMMA = YES;
				CLANG_WARN_CONSTANT_CONVERSION = YES;
				CLANG_WARN_DEPRECATED_OBJC_IMPLEMENTATIONS = YES;
				CLANG_WARN_DIRECT_OBJC_ISA_USAGE = YES_ERROR;
				CLANG_WARN_DOCUMENTATION_COMMENTS = YES;
				CLANG_WARN_EMPTY_BODY = YES;
				CLANG_WARN_ENUM_CONVERSION = YES;
				CLANG_WARN_INFINITE_RECURSION = YES;
				CLANG_WARN_INT_CONVERSION = YES;
				CLANG_WARN_NON_LITERAL_NULL_CONVERSION = YES;
				CLANG_WARN_OBJC_IMPLICIT_RETAIN_SELF = YES;
				CLANG_WARN_OBJC_LITERAL_CONVERSION = YES;
				CLANG_WARN_OBJC_ROOT_CLASS = YES_ERROR;
				CLANG_WARN_QUOTED_INCLUDE_IN_FRAMEWORK_HEADER = YES;
				CLANG_WARN_RANGE_LOOP_ANALYSIS = YES;
				CLANG_WARN_STRICT_PROTOTYPES = YES;
				CLANG_WARN_SUSPICIOUS_MOVE = YES;
				CLANG_WARN_UNGUARDED_AVAILABILITY = YES_AGGRESSIVE;
				CLANG_WARN_UNREACHABLE_CODE = YES;
				CLANG_WARN__DUPLICATE_METHOD_MATCH = YES;
				COPY_PHASE_STRIP = NO;
				DEBUG_INFORMATION_FORMAT = "dwarf-with-dsym";
				ENABLE_NS_ASSERTIONS = NO;
				ENABLE_STRICT_OBJC_MSGSEND = YES;
				ENABLE_USER_SCRIPT_SANDBOXING = YES;
				GCC_C_LANGUAGE_STANDARD = gnu17;
				GCC_NO_COMMON_BLOCKS = YES;
				GCC_WARN_64_TO_32_BIT_CONVERSION = YES;
				GCC_WARN_ABOUT_RETURN_TYPE = YES_ERROR;
				GCC_WARN_UNDECLARED_SELECTOR = YES;
				GCC_WARN_UNINITIALIZED_AUTOS = YES_AGGRESSIVE;
				GCC_WARN_UNUSED_FUNCTION = YES;
				GCC_WARN_UNUSED_VARIABLE = YES;
				IPHONEOS_DEPLOYMENT_TARGET = 17.2;
				LOCALIZATION_PREFERS_STRING_CATALOGS = YES;
				MTL_ENABLE_DEBUG_INFO = NO;
				MTL_FAST_MATH = YES;
				SDKROOT = iphoneos;
				SWIFT_COMPILATION_MODE = wholemodule;
				VALIDATE_PRODUCT = YES;
			};
			name = Release;
		};
		36DD942F2BA4C3E700D0938A /* Debug */ = {
			isa = XCBuildConfiguration;
			buildSettings = {
				ASSETCATALOG_COMPILER_APPICON_NAME = AppIcon;
				ASSETCATALOG_COMPILER_GLOBAL_ACCENT_COLOR_NAME = AccentColor;
				CODE_SIGN_STYLE = Automatic;
				CURRENT_PROJECT_VERSION = 1;
				DEVELOPMENT_TEAM = KT4PWW57Y9;
				GENERATE_INFOPLIST_FILE = YES;
				INFOPLIST_FILE = EasyMath/Info.plist;
				INFOPLIST_KEY_UIApplicationSupportsIndirectInputEvents = YES;
				INFOPLIST_KEY_UILaunchStoryboardName = LaunchScreen;
				INFOPLIST_KEY_UIMainStoryboardFile = Main;
				INFOPLIST_KEY_UISupportedInterfaceOrientations_iPad = "UIInterfaceOrientationPortrait UIInterfaceOrientationPortraitUpsideDown UIInterfaceOrientationLandscapeLeft UIInterfaceOrientationLandscapeRight";
				INFOPLIST_KEY_UISupportedInterfaceOrientations_iPhone = "UIInterfaceOrientationPortrait UIInterfaceOrientationLandscapeLeft UIInterfaceOrientationLandscapeRight";
				IPHONEOS_DEPLOYMENT_TARGET = 15.0;
				LD_RUNPATH_SEARCH_PATHS = (
					"$(inherited)",
					"@executable_path/Frameworks",
				);
				MARKETING_VERSION = 1.0;
				PRODUCT_BUNDLE_IDENTIFIER = com.EasyMath;
				PRODUCT_NAME = "$(TARGET_NAME)";
				SWIFT_EMIT_LOC_STRINGS = YES;
				SWIFT_VERSION = 5.0;
				TARGETED_DEVICE_FAMILY = "1,2";
			};
			name = Debug;
		};
		36DD94302BA4C3E700D0938A /* Release */ = {
			isa = XCBuildConfiguration;
			buildSettings = {
				ASSETCATALOG_COMPILER_APPICON_NAME = AppIcon;
				ASSETCATALOG_COMPILER_GLOBAL_ACCENT_COLOR_NAME = AccentColor;
				CODE_SIGN_STYLE = Automatic;
				CURRENT_PROJECT_VERSION = 1;
				DEVELOPMENT_TEAM = KT4PWW57Y9;
				GENERATE_INFOPLIST_FILE = YES;
				INFOPLIST_FILE = EasyMath/Info.plist;
				INFOPLIST_KEY_UIApplicationSupportsIndirectInputEvents = YES;
				INFOPLIST_KEY_UILaunchStoryboardName = LaunchScreen;
				INFOPLIST_KEY_UIMainStoryboardFile = Main;
				INFOPLIST_KEY_UISupportedInterfaceOrientations_iPad = "UIInterfaceOrientationPortrait UIInterfaceOrientationPortraitUpsideDown UIInterfaceOrientationLandscapeLeft UIInterfaceOrientationLandscapeRight";
				INFOPLIST_KEY_UISupportedInterfaceOrientations_iPhone = "UIInterfaceOrientationPortrait UIInterfaceOrientationLandscapeLeft UIInterfaceOrientationLandscapeRight";
				IPHONEOS_DEPLOYMENT_TARGET = 15.0;
				LD_RUNPATH_SEARCH_PATHS = (
					"$(inherited)",
					"@executable_path/Frameworks",
				);
				MARKETING_VERSION = 1.0;
				PRODUCT_BUNDLE_IDENTIFIER = com.EasyMath;
				PRODUCT_NAME = "$(TARGET_NAME)";
				SWIFT_EMIT_LOC_STRINGS = YES;
				SWIFT_VERSION = 5.0;
				TARGETED_DEVICE_FAMILY = "1,2";
			};
			name = Release;
		};
/* End XCBuildConfiguration section */

/* Begin XCConfigurationList section */
		36DD94152BA4C3E600D0938A /* Build configuration list for PBXProject "EasyMath" */ = {
			isa = XCConfigurationList;
			buildConfigurations = (
				36DD942C2BA4C3E700D0938A /* Debug */,
				36DD942D2BA4C3E700D0938A /* Release */,
			);
			defaultConfigurationIsVisible = 0;
			defaultConfigurationName = Release;
		};
		36DD942E2BA4C3E700D0938A /* Build configuration list for PBXNativeTarget "EasyMath" */ = {
			isa = XCConfigurationList;
			buildConfigurations = (
				36DD942F2BA4C3E700D0938A /* Debug */,
				36DD94302BA4C3E700D0938A /* Release */,
			);
			defaultConfigurationIsVisible = 0;
			defaultConfigurationName = Release;
		};
/* End XCConfigurationList section */

/* Begin XCRemoteSwiftPackageReference section */
		36DD94332BA4C54600D0938A /* XCRemoteSwiftPackageReference "generative-ai-swift" */ = {
			isa = XCRemoteSwiftPackageReference;
			repositoryURL = "https://github.com/google/generative-ai-swift";
			requirement = {
				kind = upToNextMajorVersion;
				minimumVersion = 0.4.8;
			};
		};
/* End XCRemoteSwiftPackageReference section */

/* Begin XCSwiftPackageProductDependency section */
		36DD94342BA4C54600D0938A /* GoogleGenerativeAI */ = {
			isa = XCSwiftPackageProductDependency;
			package = 36DD94332BA4C54600D0938A /* XCRemoteSwiftPackageReference "generative-ai-swift" */;
			productName = GoogleGenerativeAI;
		};
/* End XCSwiftPackageProductDependency section */
	};
	rootObject = 36DD94122BA4C3E600D0938A /* Project object */;
}
